
Microsoft Visual Studio Solution File, Format Version 12.00
# Visual Studio Version 16
VisualStudioVersion = 16.0.32630.194
MinimumVisualStudioVersion = 10.0.40219.1
Project("{00D1A9C2-B5F0-4AF3-8072-F6C62B433612}") = "db_aula02", "db_aula02\db_aula02.sqlproj", "{64F40C96-A616-4DF6-A88A-5B3625496355}"
EndProject
Global
	GlobalSection(SolutionConfigurationPlatforms) = preSolution
		Debug|Any CPU = Debug|Any CPU
		Release|Any CPU = Release|Any CPU
	EndGlobalSection
	GlobalSection(ProjectConfigurationPlatforms) = postSolution
		{64F40C96-A616-4DF6-A88A-5B3625496355}.Debug|Any CPU.ActiveCfg = Debug|Any CPU
		{64F40C96-A616-4DF6-A88A-5B3625496355}.Debug|Any CPU.Build.0 = Debug|Any CPU
		{64F40C96-A616-4DF6-A88A-5B3625496355}.Debug|Any CPU.Deploy.0 = Debug|Any CPU
		{64F40C96-A616-4DF6-A88A-5B3625496355}.Release|Any CPU.ActiveCfg = Release|Any CPU
		{64F40C96-A616-4DF6-A88A-5B3625496355}.Release|Any CPU.Build.0 = Release|Any CPU
		{64F40C96-A616-4DF6-A88A-5B3625496355}.Release|Any CPU.Deploy.0 = Release|Any CPU
	EndGlobalSection
	GlobalSection(SolutionProperties) = preSolution
		HideSolutionNode = FALSE
	EndGlobalSection
	GlobalSection(ExtensibilityGlobals) = postSolution
		SolutionGuid = {A979FD18-6584-47E3-A2DB-CF157322621A}
	EndGlobalSection
EndGlobal
